
Microsoft Visual Studio Solution File, Format Version 12.00
# Visual Studio 2013
VisualStudioVersion = 12.0.31101.0
MinimumVisualStudioVersion = 10.0.40219.1
Project("{FAE04EC0-301F-11D3-BF4B-00C04F79EFBC}") = "Chapter14", "Chapter14\Chapter14.csproj", "{11991062-360C-41FA-81DA-A7E4992AE9EB}"
EndProject
Project("{FAE04EC0-301F-11D3-BF4B-00C04F79EFBC}") = "Chapter15", "Chapter15\Chapter15.csproj", "{9D6110BA-A6BB-4CF6-B755-E116265A0BCC}"
EndProject
Project("{FAE04EC0-301F-11D3-BF4B-00C04F79EFBC}") = "Chapter16", "Chapter16\Chapter16.csproj", "{6631AE0C-E739-4737-86BD-2C7160225BF6}"
EndProject
Project("{FAE04EC0-301F-11D3-BF4B-00C04F79EFBC}") = "Chapter18", "Chapter18\Chapter18.csproj", "{9424D039-D851-424B-B73A-4949D4A8CC84}"
EndProject
Project("{FAE04EC0-301F-11D3-BF4B-00C04F79EFBC}") = "Chapter19", "Chapter19\Chapter19.csproj", "{3694CF82-3078-4CE2-BD68-CB97E726A0FD}"
EndProject
Project("{FAE04EC0-301F-11D3-BF4B-00C04F79EFBC}") = "Chapter20", "Chapter20\Chapter20.csproj", "{B319E9C3-5995-4ACD-B6A9-BE5527B679C6}"
EndProject
Project("{FAE04EC0-301F-11D3-BF4B-00C04F79EFBC}") = "Chapter21", "Chapter21\Chapter21.csproj", "{C42D7CCC-4372-473E-AC95-52EF01CE0559}"
EndProject
Project("{FAE04EC0-301F-11D3-BF4B-00C04F79EFBC}") = "Chapter22", "Chapter22\Chapter22.csproj", "{FFC4B509-27D7-41C1-9D58-3BE5C80D2D2C}"
EndProject
Global
	GlobalSection(SolutionConfigurationPlatforms) = preSolution
		Debug|Any CPU = Debug|Any CPU
		Release|Any CPU = Release|Any CPU
	EndGlobalSection
	GlobalSection(ProjectConfigurationPlatforms) = postSolution
		{11991062-360C-41FA-81DA-A7E4992AE9EB}.Debug|Any CPU.ActiveCfg = Debug|Any CPU
		{11991062-360C-41FA-81DA-A7E4992AE9EB}.Debug|Any CPU.Build.0 = Debug|Any CPU
		{11991062-360C-41FA-81DA-A7E4992AE9EB}.Release|Any CPU.ActiveCfg = Release|Any CPU
		{11991062-360C-41FA-81DA-A7E4992AE9EB}.Release|Any CPU.Build.0 = Release|Any CPU
		{9D6110BA-A6BB-4CF6-B755-E116265A0BCC}.Debug|Any CPU.ActiveCfg = Debug|Any CPU
		{9D6110BA-A6BB-4CF6-B755-E116265A0BCC}.Debug|Any CPU.Build.0 = Debug|Any CPU
		{9D6110BA-A6BB-4CF6-B755-E116265A0BCC}.Release|Any CPU.ActiveCfg = Release|Any CPU
		{9D6110BA-A6BB-4CF6-B755-E116265A0BCC}.Release|Any CPU.Build.0 = Release|Any CPU
		{6631AE0C-E739-4737-86BD-2C7160225BF6}.Debug|Any CPU.ActiveCfg = Debug|Any CPU
		{6631AE0C-E739-4737-86BD-2C7160225BF6}.Debug|Any CPU.Build.0 = Debug|Any CPU
		{6631AE0C-E739-4737-86BD-2C7160225BF6}.Release|Any CPU.ActiveCfg = Release|Any CPU
		{6631AE0C-E739-4737-86BD-2C7160225BF6}.Release|Any CPU.Build.0 = Release|Any CPU
		{9424D039-D851-424B-B73A-4949D4A8CC84}.Debug|Any CPU.ActiveCfg = Debug|Any CPU
		{9424D039-D851-424B-B73A-4949D4A8CC84}.Debug|Any CPU.Build.0 = Debug|Any CPU
		{9424D039-D851-424B-B73A-4949D4A8CC84}.Release|Any CPU.ActiveCfg = Release|Any CPU
		{9424D039-D851-424B-B73A-4949D4A8CC84}.Release|Any CPU.Build.0 = Release|Any CPU
		{3694CF82-3078-4CE2-BD68-CB97E726A0FD}.Debug|Any CPU.ActiveCfg = Debug|Any CPU
		{3694CF82-3078-4CE2-BD68-CB97E726A0FD}.Debug|Any CPU.Build.0 = Debug|Any CPU
		{3694CF82-3078-4CE2-BD68-CB97E726A0FD}.Release|Any CPU.ActiveCfg = Release|Any CPU
		{3694CF82-3078-4CE2-BD68-CB97E726A0FD}.Release|Any CPU.Build.0 = Release|Any CPU
		{B319E9C3-5995-4ACD-B6A9-BE5527B679C6}.Debug|Any CPU.ActiveCfg = Debug|Any CPU
		{B319E9C3-5995-4ACD-B6A9-BE5527B679C6}.Debug|Any CPU.Build.0 = Debug|Any CPU
		{B319E9C3-5995-4ACD-B6A9-BE5527B679C6}.Release|Any CPU.ActiveCfg = Release|Any CPU
		{B319E9C3-5995-4ACD-B6A9-BE5527B679C6}.Release|Any CPU.Build.0 = Release|Any CPU
		{C42D7CCC-4372-473E-AC95-52EF01CE0559}.Debug|Any CPU.ActiveCfg = Debug|Any CPU
		{C42D7CCC-4372-473E-AC95-52EF01CE0559}.Debug|Any CPU.Build.0 = Debug|Any CPU
		{C42D7CCC-4372-473E-AC95-52EF01CE0559}.Release|Any CPU.ActiveCfg = Release|Any CPU
		{C42D7CCC-4372-473E-AC95-52EF01CE0559}.Release|Any CPU.Build.0 = Release|Any CPU
		{FFC4B509-27D7-41C1-9D58-3BE5C80D2D2C}.Debug|Any CPU.ActiveCfg = Debug|Any CPU
		{FFC4B509-27D7-41C1-9D58-3BE5C80D2D2C}.Debug|Any CPU.Build.0 = Debug|Any CPU
		{FFC4B509-27D7-41C1-9D58-3BE5C80D2D2C}.Release|Any CPU.ActiveCfg = Release|Any CPU
		{FFC4B509-27D7-41C1-9D58-3BE5C80D2D2C}.Release|Any CPU.Build.0 = Release|Any CPU
	EndGlobalSection
	GlobalSection(SolutionProperties) = preSolution
		HideSolutionNode = FALSE
	EndGlobalSection
EndGlobal
